
Microsoft Visual Studio Solution File, Format Version 12.00
# Visual Studio 15
VisualStudioVersion = 15.0.28307.421
MinimumVisualStudioVersion = 10.0.40219.1
Project("{FAE04EC0-301F-11D3-BF4B-00C04F79EFBC}") = "ExampleWebApp", "ExampleWebApp\ExampleWebApp.csproj", "{A09F4AD3-A7A3-48EC-ADC8-00F5FBE4DB04}"
EndProject
Global
	GlobalSection(SolutionConfigurationPlatforms) = preSolution
		Debug|Any CPU = Debug|Any CPU
		Release|Any CPU = Release|Any CPU
	EndGlobalSection
	GlobalSection(ProjectConfigurationPlatforms) = postSolution
		{A09F4AD3-A7A3-48EC-ADC8-00F5FBE4DB04}.Debug|Any CPU.ActiveCfg = Debug|Any CPU
		{A09F4AD3-A7A3-48EC-ADC8-00F5FBE4DB04}.Debug|Any CPU.Build.0 = Debug|Any CPU
		{A09F4AD3-A7A3-48EC-ADC8-00F5FBE4DB04}.Release|Any CPU.ActiveCfg = Release|Any CPU
		{A09F4AD3-A7A3-48EC-ADC8-00F5FBE4DB04}.Release|Any CPU.Build.0 = Release|Any CPU
	EndGlobalSection
	GlobalSection(SolutionProperties) = preSolution
		HideSolutionNode = FALSE
	EndGlobalSection
	GlobalSection(ExtensibilityGlobals) = postSolution
		SolutionGuid = {B0F53832-A7E6-4D40-A929-03BD37EFA74E}
	EndGlobalSection
EndGlobal
